
Microsoft Visual Studio Solution File, Format Version 12.00
# Visual Studio Version 17
VisualStudioVersion = 17.0.31903.59
MinimumVisualStudioVersion = 10.0.40219.1
Project("{FAE04EC0-301F-11D3-BF4B-00C04F79EFBC}") = "AGUIDotnet", "AGUIDotnet\AGUIDotnet.csproj", "{18BEEBF5-C3C4-4BAC-856C-ACE5C635B0E5}"
EndProject
Project("{FAE04EC0-301F-11D3-BF4B-00C04F79EFBC}") = "AGUIDotnetWebApiExample", "AGUIDotnetWebApiExample\AGUIDotnetWebApiExample.csproj", "{C1EBFBA2-0D51-4CFA-8C1D-7E9952B23AAD}"
EndProject
Project("{FAE04EC0-301F-11D3-BF4B-00C04F79EFBC}") = "AGUIDotnet.Tests", "AGUIDotnet.Tests\AGUIDotnet.Tests.csproj", "{4A32E00E-80DD-4C2A-8483-C008D595DFEF}"
EndProject
Global
	GlobalSection(SolutionConfigurationPlatforms) = preSolution
		Debug|Any CPU = Debug|Any CPU
		Debug|x64 = Debug|x64
		Debug|x86 = Debug|x86
		Release|Any CPU = Release|Any CPU
		Release|x64 = Release|x64
		Release|x86 = Release|x86
	EndGlobalSection
	GlobalSection(ProjectConfigurationPlatforms) = postSolution
		{18BEEBF5-C3C4-4BAC-856C-ACE5C635B0E5}.Debug|Any CPU.ActiveCfg = Debug|Any CPU
		{18BEEBF5-C3C4-4BAC-856C-ACE5C635B0E5}.Debug|Any CPU.Build.0 = Debug|Any CPU
		{18BEEBF5-C3C4-4BAC-856C-ACE5C635B0E5}.Debug|x64.ActiveCfg = Debug|Any CPU
		{18BEEBF5-C3C4-4BAC-856C-ACE5C635B0E5}.Debug|x64.Build.0 = Debug|Any CPU
		{18BEEBF5-C3C4-4BAC-856C-ACE5C635B0E5}.Debug|x86.ActiveCfg = Debug|Any CPU
		{18BEEBF5-C3C4-4BAC-856C-ACE5C635B0E5}.Debug|x86.Build.0 = Debug|Any CPU
		{18BEEBF5-C3C4-4BAC-856C-ACE5C635B0E5}.Release|Any CPU.ActiveCfg = Release|Any CPU
		{18BEEBF5-C3C4-4BAC-856C-ACE5C635B0E5}.Release|Any CPU.Build.0 = Release|Any CPU
		{18BEEBF5-C3C4-4BAC-856C-ACE5C635B0E5}.Release|x64.ActiveCfg = Release|Any CPU
		{18BEEBF5-C3C4-4BAC-856C-ACE5C635B0E5}.Release|x64.Build.0 = Release|Any CPU
		{18BEEBF5-C3C4-4BAC-856C-ACE5C635B0E5}.Release|x86.ActiveCfg = Release|Any CPU
		{18BEEBF5-C3C4-4BAC-856C-ACE5C635B0E5}.Release|x86.Build.0 = Release|Any CPU
		{C1EBFBA2-0D51-4CFA-8C1D-7E9952B23AAD}.Debug|Any CPU.ActiveCfg = Debug|Any CPU
		{C1EBFBA2-0D51-4CFA-8C1D-7E9952B23AAD}.Debug|Any CPU.Build.0 = Debug|Any CPU
		{C1EBFBA2-0D51-4CFA-8C1D-7E9952B23AAD}.Debug|x64.ActiveCfg = Debug|Any CPU
		{C1EBFBA2-0D51-4CFA-8C1D-7E9952B23AAD}.Debug|x64.Build.0 = Debug|Any CPU
		{C1EBFBA2-0D51-4CFA-8C1D-7E9952B23AAD}.Debug|x86.ActiveCfg = Debug|Any CPU
		{C1EBFBA2-0D51-4CFA-8C1D-7E9952B23AAD}.Debug|x86.Build.0 = Debug|Any CPU
		{C1EBFBA2-0D51-4CFA-8C1D-7E9952B23AAD}.Release|Any CPU.ActiveCfg = Release|Any CPU
		{C1EBFBA2-0D51-4CFA-8C1D-7E9952B23AAD}.Release|Any CPU.Build.0 = Release|Any CPU
		{C1EBFBA2-0D51-4CFA-8C1D-7E9952B23AAD}.Release|x64.ActiveCfg = Release|Any CPU
		{C1EBFBA2-0D51-4CFA-8C1D-7E9952B23AAD}.Release|x64.Build.0 = Release|Any CPU
		{C1EBFBA2-0D51-4CFA-8C1D-7E9952B23AAD}.Release|x86.ActiveCfg = Release|Any CPU
		{C1EBFBA2-0D51-4CFA-8C1D-7E9952B23AAD}.Release|x86.Build.0 = Release|Any CPU
		{4A32E00E-80DD-4C2A-8483-C008D595DFEF}.Debug|Any CPU.ActiveCfg = Debug|Any CPU
		{4A32E00E-80DD-4C2A-8483-C008D595DFEF}.Debug|Any CPU.Build.0 = Debug|Any CPU
		{4A32E00E-80DD-4C2A-8483-C008D595DFEF}.Debug|x64.ActiveCfg = Debug|Any CPU
		{4A32E00E-80DD-4C2A-8483-C008D595DFEF}.Debug|x64.Build.0 = Debug|Any CPU
		{4A32E00E-80DD-4C2A-8483-C008D595DFEF}.Debug|x86.ActiveCfg = Debug|Any CPU
		{4A32E00E-80DD-4C2A-8483-C008D595DFEF}.Debug|x86.Build.0 = Debug|Any CPU
		{4A32E00E-80DD-4C2A-8483-C008D595DFEF}.Release|Any CPU.ActiveCfg = Release|Any CPU
		{4A32E00E-80DD-4C2A-8483-C008D595DFEF}.Release|Any CPU.Build.0 = Release|Any CPU
		{4A32E00E-80DD-4C2A-8483-C008D595DFEF}.Release|x64.ActiveCfg = Release|Any CPU
		{4A32E00E-80DD-4C2A-8483-C008D595DFEF}.Release|x64.Build.0 = Release|Any CPU
		{4A32E00E-80DD-4C2A-8483-C008D595DFEF}.Release|x86.ActiveCfg = Release|Any CPU
		{4A32E00E-80DD-4C2A-8483-C008D595DFEF}.Release|x86.Build.0 = Release|Any CPU
	EndGlobalSection
	GlobalSection(SolutionProperties) = preSolution
		HideSolutionNode = FALSE
	EndGlobalSection
EndGlobal
